{
  "nodes": {
    "nixpkgs": {
      "locked": {
        "lastModified": 1621084586,
        "narHash": "sha256-raHuJ7ohDLDPqohJzZxhaER7sSh4/1xR6YcUYMj3c3E=",
        "owner": "NixOS",
        "repo": "nixpkgs",
        "rev": "e83b3f3394834c41c0d25017f6808d65c3d6f880",
        "type": "github"
      },
      "original": {
        "owner": "NixOS",
        "ref": "nixpkgs-unstable",
        "repo": "nixpkgs",
        "type": "github"
      }
    },
    "root": {
      "inputs": {
        "nixpkgs": "nixpkgs"
      }
    }
  },
  "root": "root",
  "version": 7
}
